
Microsoft Visual Studio Solution File, Format Version 12.00
# Visual Studio 2013
VisualStudioVersion = 12.0.31101.0
MinimumVisualStudioVersion = 10.0.40219.1
Project("{FAE04EC0-301F-11D3-BF4B-00C04F79EFBC}") = "WYZTracker", "WYZTracker\WYZTracker.csproj", "{C032D59B-EDC5-4ED3-92DA-AEC4401F31BC}"
EndProject
Project("{FAE04EC0-301F-11D3-BF4B-00C04F79EFBC}") = "FileAssociation", "FileAssociation\FileAssociation.csproj", "{E2EDE3ED-1E9E-46D9-903E-1A8FEB4B2371}"
EndProject
Project("{FAE04EC0-301F-11D3-BF4B-00C04F79EFBC}") = "LibAYEmu", "LibAYEmu\LibAYEmu.csproj", "{ED84C89F-3895-45FD-AB12-69B2C29440B5}"
EndProject
Project("{FAE04EC0-301F-11D3-BF4B-00C04F79EFBC}") = "WYZTracker.Core", "WYZTracker.Core\WYZTracker.Core.csproj", "{AE1693DB-BA1E-4F27-917D-592F79DD2336}"
EndProject
Project("{FAE04EC0-301F-11D3-BF4B-00C04F79EFBC}") = "WYZPlayer", "WYZPlayer\WYZPlayer.csproj", "{BD3BFFE6-0948-4848-86E3-803BFA30C2D5}"
EndProject
Project("{FAE04EC0-301F-11D3-BF4B-00C04F79EFBC}") = "Sanford.Multimedia.Midi", "Sanford.Multimedia.Midi\Sanford.Multimedia.Midi.csproj", "{4269C72A-8D3A-4737-8F89-72EAA33EA9E1}"
EndProject
Global
	GlobalSection(SolutionConfigurationPlatforms) = preSolution
		Debug|Any CPU = Debug|Any CPU
		Debug|Mixed Platforms = Debug|Mixed Platforms
		Debug|x86 = Debug|x86
		Install|Any CPU = Install|Any CPU
		Install|Mixed Platforms = Install|Mixed Platforms
		Install|x86 = Install|x86
		Release|Any CPU = Release|Any CPU
		Release|Mixed Platforms = Release|Mixed Platforms
		Release|x86 = Release|x86
	EndGlobalSection
	GlobalSection(ProjectConfigurationPlatforms) = postSolution
		{C032D59B-EDC5-4ED3-92DA-AEC4401F31BC}.Debug|Any CPU.ActiveCfg = Debug|x86
		{C032D59B-EDC5-4ED3-92DA-AEC4401F31BC}.Debug|Any CPU.Build.0 = Debug|x86
		{C032D59B-EDC5-4ED3-92DA-AEC4401F31BC}.Debug|Mixed Platforms.ActiveCfg = Debug|x86
		{C032D59B-EDC5-4ED3-92DA-AEC4401F31BC}.Debug|Mixed Platforms.Build.0 = Debug|x86
		{C032D59B-EDC5-4ED3-92DA-AEC4401F31BC}.Debug|x86.ActiveCfg = Debug|x86
		{C032D59B-EDC5-4ED3-92DA-AEC4401F31BC}.Debug|x86.Build.0 = Debug|x86
		{C032D59B-EDC5-4ED3-92DA-AEC4401F31BC}.Install|Any CPU.ActiveCfg = Install|Any CPU
		{C032D59B-EDC5-4ED3-92DA-AEC4401F31BC}.Install|Any CPU.Build.0 = Install|Any CPU
		{C032D59B-EDC5-4ED3-92DA-AEC4401F31BC}.Install|Mixed Platforms.ActiveCfg = Install|x86
		{C032D59B-EDC5-4ED3-92DA-AEC4401F31BC}.Install|Mixed Platforms.Build.0 = Install|x86
		{C032D59B-EDC5-4ED3-92DA-AEC4401F31BC}.Install|x86.ActiveCfg = Release|x86
		{C032D59B-EDC5-4ED3-92DA-AEC4401F31BC}.Install|x86.Build.0 = Release|x86
		{C032D59B-EDC5-4ED3-92DA-AEC4401F31BC}.Release|Any CPU.ActiveCfg = Release|x86
		{C032D59B-EDC5-4ED3-92DA-AEC4401F31BC}.Release|Any CPU.Build.0 = Release|x86
		{C032D59B-EDC5-4ED3-92DA-AEC4401F31BC}.Release|Mixed Platforms.ActiveCfg = Release|x86
		{C032D59B-EDC5-4ED3-92DA-AEC4401F31BC}.Release|Mixed Platforms.Build.0 = Release|x86
		{C032D59B-EDC5-4ED3-92DA-AEC4401F31BC}.Release|x86.ActiveCfg = Release|x86
		{C032D59B-EDC5-4ED3-92DA-AEC4401F31BC}.Release|x86.Build.0 = Release|x86
		{E2EDE3ED-1E9E-46D9-903E-1A8FEB4B2371}.Debug|Any CPU.ActiveCfg = Debug|Any CPU
		{E2EDE3ED-1E9E-46D9-903E-1A8FEB4B2371}.Debug|Any CPU.Build.0 = Debug|Any CPU
		{E2EDE3ED-1E9E-46D9-903E-1A8FEB4B2371}.Debug|Mixed Platforms.ActiveCfg = Debug|x86
		{E2EDE3ED-1E9E-46D9-903E-1A8FEB4B2371}.Debug|Mixed Platforms.Build.0 = Debug|x86
		{E2EDE3ED-1E9E-46D9-903E-1A8FEB4B2371}.Debug|x86.ActiveCfg = Debug|x86
		{E2EDE3ED-1E9E-46D9-903E-1A8FEB4B2371}.Debug|x86.Build.0 = Debug|x86
		{E2EDE3ED-1E9E-46D9-903E-1A8FEB4B2371}.Install|Any CPU.ActiveCfg = Install|Any CPU
		{E2EDE3ED-1E9E-46D9-903E-1A8FEB4B2371}.Install|Any CPU.Build.0 = Install|Any CPU
		{E2EDE3ED-1E9E-46D9-903E-1A8FEB4B2371}.Install|Mixed Platforms.ActiveCfg = Install|x86
		{E2EDE3ED-1E9E-46D9-903E-1A8FEB4B2371}.Install|Mixed Platforms.Build.0 = Install|x86
		{E2EDE3ED-1E9E-46D9-903E-1A8FEB4B2371}.Install|x86.ActiveCfg = Release|x86
		{E2EDE3ED-1E9E-46D9-903E-1A8FEB4B2371}.Install|x86.Build.0 = Release|x86
		{E2EDE3ED-1E9E-46D9-903E-1A8FEB4B2371}.Release|Any CPU.ActiveCfg = Release|Any CPU
		{E2EDE3ED-1E9E-46D9-903E-1A8FEB4B2371}.Release|Any CPU.Build.0 = Release|Any CPU
		{E2EDE3ED-1E9E-46D9-903E-1A8FEB4B2371}.Release|Mixed Platforms.ActiveCfg = Release|x86
		{E2EDE3ED-1E9E-46D9-903E-1A8FEB4B2371}.Release|Mixed Platforms.Build.0 = Release|x86
		{E2EDE3ED-1E9E-46D9-903E-1A8FEB4B2371}.Release|x86.ActiveCfg = Release|x86
		{E2EDE3ED-1E9E-46D9-903E-1A8FEB4B2371}.Release|x86.Build.0 = Release|x86
		{ED84C89F-3895-45FD-AB12-69B2C29440B5}.Debug|Any CPU.ActiveCfg = Debug|Any CPU
		{ED84C89F-3895-45FD-AB12-69B2C29440B5}.Debug|Any CPU.Build.0 = Debug|Any CPU
		{ED84C89F-3895-45FD-AB12-69B2C29440B5}.Debug|Mixed Platforms.ActiveCfg = Debug|x86
		{ED84C89F-3895-45FD-AB12-69B2C29440B5}.Debug|Mixed Platforms.Build.0 = Debug|x86
		{ED84C89F-3895-45FD-AB12-69B2C29440B5}.Debug|x86.ActiveCfg = Debug|x86
		{ED84C89F-3895-45FD-AB12-69B2C29440B5}.Debug|x86.Build.0 = Debug|x86
		{ED84C89F-3895-45FD-AB12-69B2C29440B5}.Install|Any CPU.ActiveCfg = Install|Any CPU
		{ED84C89F-3895-45FD-AB12-69B2C29440B5}.Install|Any CPU.Build.0 = Install|Any CPU
		{ED84C89F-3895-45FD-AB12-69B2C29440B5}.Install|Mixed Platforms.ActiveCfg = Install|x86
		{ED84C89F-3895-45FD-AB12-69B2C29440B5}.Install|Mixed Platforms.Build.0 = Install|x86
		{ED84C89F-3895-45FD-AB12-69B2C29440B5}.Install|x86.ActiveCfg = Release|x86
		{ED84C89F-3895-45FD-AB12-69B2C29440B5}.Install|x86.Build.0 = Release|x86
		{ED84C89F-3895-45FD-AB12-69B2C29440B5}.Release|Any CPU.ActiveCfg = Release|Any CPU
		{ED84C89F-3895-45FD-AB12-69B2C29440B5}.Release|Any CPU.Build.0 = Release|Any CPU
		{ED84C89F-3895-45FD-AB12-69B2C29440B5}.Release|Mixed Platforms.ActiveCfg = Release|x86
		{ED84C89F-3895-45FD-AB12-69B2C29440B5}.Release|Mixed Platforms.Build.0 = Release|x86
		{ED84C89F-3895-45FD-AB12-69B2C29440B5}.Release|x86.ActiveCfg = Release|x86
		{ED84C89F-3895-45FD-AB12-69B2C29440B5}.Release|x86.Build.0 = Release|x86
		{AE1693DB-BA1E-4F27-917D-592F79DD2336}.Debug|Any CPU.ActiveCfg = Debug|Any CPU
		{AE1693DB-BA1E-4F27-917D-592F79DD2336}.Debug|Any CPU.Build.0 = Debug|Any CPU
		{AE1693DB-BA1E-4F27-917D-592F79DD2336}.Debug|Mixed Platforms.ActiveCfg = Debug|Any CPU
		{AE1693DB-BA1E-4F27-917D-592F79DD2336}.Debug|Mixed Platforms.Build.0 = Debug|Any CPU
		{AE1693DB-BA1E-4F27-917D-592F79DD2336}.Debug|x86.ActiveCfg = Debug|Any CPU
		{AE1693DB-BA1E-4F27-917D-592F79DD2336}.Debug|x86.Build.0 = Debug|Any CPU
		{AE1693DB-BA1E-4F27-917D-592F79DD2336}.Install|Any CPU.ActiveCfg = Release|Any CPU
		{AE1693DB-BA1E-4F27-917D-592F79DD2336}.Install|Any CPU.Build.0 = Release|Any CPU
		{AE1693DB-BA1E-4F27-917D-592F79DD2336}.Install|Mixed Platforms.ActiveCfg = Release|Any CPU
		{AE1693DB-BA1E-4F27-917D-592F79DD2336}.Install|Mixed Platforms.Build.0 = Release|Any CPU
		{AE1693DB-BA1E-4F27-917D-592F79DD2336}.Install|x86.ActiveCfg = Release|Any CPU
		{AE1693DB-BA1E-4F27-917D-592F79DD2336}.Release|Any CPU.ActiveCfg = Release|Any CPU
		{AE1693DB-BA1E-4F27-917D-592F79DD2336}.Release|Any CPU.Build.0 = Release|Any CPU
		{AE1693DB-BA1E-4F27-917D-592F79DD2336}.Release|Mixed Platforms.ActiveCfg = Release|Any CPU
		{AE1693DB-BA1E-4F27-917D-592F79DD2336}.Release|Mixed Platforms.Build.0 = Release|Any CPU
		{AE1693DB-BA1E-4F27-917D-592F79DD2336}.Release|x86.ActiveCfg = Release|Any CPU
		{AE1693DB-BA1E-4F27-917D-592F79DD2336}.Release|x86.Build.0 = Release|Any CPU
		{BD3BFFE6-0948-4848-86E3-803BFA30C2D5}.Debug|Any CPU.ActiveCfg = Debug|x86
		{BD3BFFE6-0948-4848-86E3-803BFA30C2D5}.Debug|Mixed Platforms.ActiveCfg = Debug|x86
		{BD3BFFE6-0948-4848-86E3-803BFA30C2D5}.Debug|Mixed Platforms.Build.0 = Debug|x86
		{BD3BFFE6-0948-4848-86E3-803BFA30C2D5}.Debug|x86.ActiveCfg = Debug|x86
		{BD3BFFE6-0948-4848-86E3-803BFA30C2D5}.Debug|x86.Build.0 = Debug|x86
		{BD3BFFE6-0948-4848-86E3-803BFA30C2D5}.Install|Any CPU.ActiveCfg = Release|x86
		{BD3BFFE6-0948-4848-86E3-803BFA30C2D5}.Install|Mixed Platforms.ActiveCfg = Release|x86
		{BD3BFFE6-0948-4848-86E3-803BFA30C2D5}.Install|Mixed Platforms.Build.0 = Release|x86
		{BD3BFFE6-0948-4848-86E3-803BFA30C2D5}.Install|x86.ActiveCfg = Release|x86
		{BD3BFFE6-0948-4848-86E3-803BFA30C2D5}.Install|x86.Build.0 = Release|x86
		{BD3BFFE6-0948-4848-86E3-803BFA30C2D5}.Release|Any CPU.ActiveCfg = Release|x86
		{BD3BFFE6-0948-4848-86E3-803BFA30C2D5}.Release|Mixed Platforms.ActiveCfg = Release|x86
		{BD3BFFE6-0948-4848-86E3-803BFA30C2D5}.Release|Mixed Platforms.Build.0 = Release|x86
		{BD3BFFE6-0948-4848-86E3-803BFA30C2D5}.Release|x86.ActiveCfg = Release|x86
		{BD3BFFE6-0948-4848-86E3-803BFA30C2D5}.Release|x86.Build.0 = Release|x86
		{4269C72A-8D3A-4737-8F89-72EAA33EA9E1}.Debug|Any CPU.ActiveCfg = Debug|Any CPU
		{4269C72A-8D3A-4737-8F89-72EAA33EA9E1}.Debug|Any CPU.Build.0 = Debug|Any CPU
		{4269C72A-8D3A-4737-8F89-72EAA33EA9E1}.Debug|Mixed Platforms.ActiveCfg = Debug|Any CPU
		{4269C72A-8D3A-4737-8F89-72EAA33EA9E1}.Debug|Mixed Platforms.Build.0 = Debug|Any CPU
		{4269C72A-8D3A-4737-8F89-72EAA33EA9E1}.Debug|x86.ActiveCfg = Debug|Any CPU
		{4269C72A-8D3A-4737-8F89-72EAA33EA9E1}.Debug|x86.Build.0 = Debug|Any CPU
		{4269C72A-8D3A-4737-8F89-72EAA33EA9E1}.Install|Any CPU.ActiveCfg = Release|Any CPU
		{4269C72A-8D3A-4737-8F89-72EAA33EA9E1}.Install|Any CPU.Build.0 = Release|Any CPU
		{4269C72A-8D3A-4737-8F89-72EAA33EA9E1}.Install|Mixed Platforms.ActiveCfg = Release|Any CPU
		{4269C72A-8D3A-4737-8F89-72EAA33EA9E1}.Install|Mixed Platforms.Build.0 = Release|Any CPU
		{4269C72A-8D3A-4737-8F89-72EAA33EA9E1}.Install|x86.ActiveCfg = Release|Any CPU
		{4269C72A-8D3A-4737-8F89-72EAA33EA9E1}.Release|Any CPU.ActiveCfg = Release|Any CPU
		{4269C72A-8D3A-4737-8F89-72EAA33EA9E1}.Release|Any CPU.Build.0 = Release|Any CPU
		{4269C72A-8D3A-4737-8F89-72EAA33EA9E1}.Release|Mixed Platforms.ActiveCfg = Release|Any CPU
		{4269C72A-8D3A-4737-8F89-72EAA33EA9E1}.Release|Mixed Platforms.Build.0 = Release|Any CPU
		{4269C72A-8D3A-4737-8F89-72EAA33EA9E1}.Release|x86.ActiveCfg = Release|Any CPU
		{4269C72A-8D3A-4737-8F89-72EAA33EA9E1}.Release|x86.Build.0 = Release|Any CPU
	EndGlobalSection
	GlobalSection(SolutionProperties) = preSolution
		HideSolutionNode = FALSE
	EndGlobalSection
EndGlobal
