Microsoft Visual Studio Solution File, Format Version 9.00
# Visual C# Express 2005
Project("{FAE04EC0-301F-11D3-BF4B-00C04F79EFBC}") = "LibAYEmu", "LibAYEmu.csproj", "{ED84C89F-3895-45FD-AB12-69B2C29440B5}"
EndProject
Project("{FAE04EC0-301F-11D3-BF4B-00C04F79EFBC}") = "TestLibAY", "..\TestLibAY\TestLibAY.csproj", "{7688F609-418A-4177-8444-9011ABB14DEE}"
EndProject
Global
	GlobalSection(SolutionConfigurationPlatforms) = preSolution
		Debug|Any CPU = Debug|Any CPU
		Release|Any CPU = Release|Any CPU
	EndGlobalSection
	GlobalSection(ProjectConfigurationPlatforms) = postSolution
		{ED84C89F-3895-45FD-AB12-69B2C29440B5}.Debug|Any CPU.ActiveCfg = Debug|Any CPU
		{ED84C89F-3895-45FD-AB12-69B2C29440B5}.Debug|Any CPU.Build.0 = Debug|Any CPU
		{ED84C89F-3895-45FD-AB12-69B2C29440B5}.Release|Any CPU.ActiveCfg = Release|Any CPU
		{ED84C89F-3895-45FD-AB12-69B2C29440B5}.Release|Any CPU.Build.0 = Release|Any CPU
		{7688F609-418A-4177-8444-9011ABB14DEE}.Debug|Any CPU.ActiveCfg = Debug|Any CPU
		{7688F609-418A-4177-8444-9011ABB14DEE}.Debug|Any CPU.Build.0 = Debug|Any CPU
		{7688F609-418A-4177-8444-9011ABB14DEE}.Release|Any CPU.ActiveCfg = Release|Any CPU
		{7688F609-418A-4177-8444-9011ABB14DEE}.Release|Any CPU.Build.0 = Release|Any CPU
	EndGlobalSection
	GlobalSection(SolutionProperties) = preSolution
		HideSolutionNode = FALSE
	EndGlobalSection
EndGlobal
